{
  "name": "sitepoint-wrld-tutorial-one",
  "version": "1.0.0",
  "lockfileVersion": 1,
  "requires": true,
  "dependencies": {
    "leaflet": {
      "version": "1.0.1",
      "resolved": "https://registry.npmjs.org/leaflet/-/leaflet-1.0.1.tgz",
      "integrity": "sha1-WGjDibVWzYVIEZj/i/5ZqN4JMts="
    },
    "wrld.js": {
      "version": "0.1.1452",
      "resolved": "https://registry.npmjs.org/wrld.js/-/wrld.js-0.1.1452.tgz",
      "integrity": "sha1-MCa83ZGnu9PHCt/o0aH4jetNtu0=",
      "requires": {
        "leaflet": "1.0.1"
      }
    }
  }
}
